
Microsoft Visual Studio Solution File, Format Version 12.00
# Visual Studio Version 17
VisualStudioVersion = 17.7.34003.232
MinimumVisualStudioVersion = 10.0.40219.1
Project("{FAE04EC0-301F-11D3-BF4B-00C04F79EFBC}") = "Assessment3", "Assessment3\Assessment3.csproj", "{47B70F78-DD5C-4920-A08F-41D643304CB0}"
EndProject
Global
	GlobalSection(SolutionConfigurationPlatforms) = preSolution
		Debug|Any CPU = Debug|Any CPU
		Release|Any CPU = Release|Any CPU
	EndGlobalSection
	GlobalSection(ProjectConfigurationPlatforms) = postSolution
		{47B70F78-DD5C-4920-A08F-41D643304CB0}.Debug|Any CPU.ActiveCfg = Debug|Any CPU
		{47B70F78-DD5C-4920-A08F-41D643304CB0}.Debug|Any CPU.Build.0 = Debug|Any CPU
		{47B70F78-DD5C-4920-A08F-41D643304CB0}.Release|Any CPU.ActiveCfg = Release|Any CPU
		{47B70F78-DD5C-4920-A08F-41D643304CB0}.Release|Any CPU.Build.0 = Release|Any CPU
	EndGlobalSection
	GlobalSection(SolutionProperties) = preSolution
		HideSolutionNode = FALSE
	EndGlobalSection
	GlobalSection(ExtensibilityGlobals) = postSolution
		SolutionGuid = {BF1FFE7E-9130-4BCF-81CF-ED113712CE05}
	EndGlobalSection
EndGlobal
